
Microsoft Visual Studio Solution File, Format Version 12.00
# Visual Studio Version 17
VisualStudioVersion = 17.11.35222.181
MinimumVisualStudioVersion = 10.0.40219.1
Project("{FAE04EC0-301F-11D3-BF4B-00C04F79EFBC}") = "sips", "sips\sips.csproj", "{374A5B0C-1DEF-4706-AF3F-CAFEC846F19E}"
EndProject
Global
	GlobalSection(SolutionConfigurationPlatforms) = preSolution
		Debug|Any CPU = Debug|Any CPU
		Release|Any CPU = Release|Any CPU
	EndGlobalSection
	GlobalSection(ProjectConfigurationPlatforms) = postSolution
		{374A5B0C-1DEF-4706-AF3F-CAFEC846F19E}.Debug|Any CPU.ActiveCfg = Debug|Any CPU
		{374A5B0C-1DEF-4706-AF3F-CAFEC846F19E}.Debug|Any CPU.Build.0 = Debug|Any CPU
		{374A5B0C-1DEF-4706-AF3F-CAFEC846F19E}.Release|Any CPU.ActiveCfg = Release|Any CPU
		{374A5B0C-1DEF-4706-AF3F-CAFEC846F19E}.Release|Any CPU.Build.0 = Release|Any CPU
	EndGlobalSection
	GlobalSection(SolutionProperties) = preSolution
		HideSolutionNode = FALSE
	EndGlobalSection
	GlobalSection(ExtensibilityGlobals) = postSolution
		SolutionGuid = {EE105A6C-3BC6-434C-A945-093FAE50D3DC}
	EndGlobalSection
EndGlobal
